
Microsoft Visual Studio Solution File, Format Version 12.00
# Visual Studio Version 16
VisualStudioVersion = 16.0.30711.63
MinimumVisualStudioVersion = 10.0.40219.1
Project("{8BC9CEB8-8B4A-11D0-8D11-00A0C91BC942}") = "cuda_test", "cuda_test\cuda_test.vcxproj", "{007A8BE2-8EE5-491C-B0CE-C75967DAD2E6}"
EndProject
Global
	GlobalSection(SolutionConfigurationPlatforms) = preSolution
		Debug|x64 = Debug|x64
		Release|x64 = Release|x64
	EndGlobalSection
	GlobalSection(ProjectConfigurationPlatforms) = postSolution
		{007A8BE2-8EE5-491C-B0CE-C75967DAD2E6}.Debug|x64.ActiveCfg = Debug|x64
		{007A8BE2-8EE5-491C-B0CE-C75967DAD2E6}.Debug|x64.Build.0 = Debug|x64
		{007A8BE2-8EE5-491C-B0CE-C75967DAD2E6}.Release|x64.ActiveCfg = Release|x64
		{007A8BE2-8EE5-491C-B0CE-C75967DAD2E6}.Release|x64.Build.0 = Release|x64
	EndGlobalSection
	GlobalSection(SolutionProperties) = preSolution
		HideSolutionNode = FALSE
	EndGlobalSection
	GlobalSection(ExtensibilityGlobals) = postSolution
		SolutionGuid = {A3399EE5-FC6B-4DDC-B8A5-D4E25E25A05E}
	EndGlobalSection
EndGlobal
